
Microsoft Visual Studio Solution File, Format Version 12.00
# Visual Studio 15
VisualStudioVersion = 15.0.27130.2026
MinimumVisualStudioVersion = 10.0.40219.1
Project("{FAE04EC0-301F-11D3-BF4B-00C04F79EFBC}") = "MDKTimeHelper", "MDKTimeHelper\MDKTimeHelper.csproj", "{12818B4E-7C78-4C43-A760-2A435CC5AC95}"
EndProject
Global
	GlobalSection(SolutionConfigurationPlatforms) = preSolution
		Debug|Any CPU = Debug|Any CPU
		Release|Any CPU = Release|Any CPU
	EndGlobalSection
	GlobalSection(ProjectConfigurationPlatforms) = postSolution
		{12818B4E-7C78-4C43-A760-2A435CC5AC95}.Debug|Any CPU.ActiveCfg = Debug|Any CPU
		{12818B4E-7C78-4C43-A760-2A435CC5AC95}.Debug|Any CPU.Build.0 = Debug|Any CPU
		{12818B4E-7C78-4C43-A760-2A435CC5AC95}.Release|Any CPU.ActiveCfg = Release|Any CPU
		{12818B4E-7C78-4C43-A760-2A435CC5AC95}.Release|Any CPU.Build.0 = Release|Any CPU
	EndGlobalSection
	GlobalSection(SolutionProperties) = preSolution
		HideSolutionNode = FALSE
	EndGlobalSection
	GlobalSection(ExtensibilityGlobals) = postSolution
		SolutionGuid = {8AC5C501-C170-48C9-8310-634D0B208222}
	EndGlobalSection
EndGlobal
